
Microsoft Visual Studio Solution File, Format Version 12.00
# Visual Studio 14
VisualStudioVersion = 14.0.25420.1
MinimumVisualStudioVersion = 10.0.40219.1
Project("{2150E333-8FDC-42A3-9474-1A3956D46DE8}") = "src", "src", "{088E4C02-1CA0-4FCC-B8AA-844BB2F95EF6}"
EndProject
Project("{2150E333-8FDC-42A3-9474-1A3956D46DE8}") = "Solution Items", "Solution Items", "{E88CDD70-37E2-42F9-B25B-658654855E33}"
	ProjectSection(SolutionItems) = preProject
		global.json = global.json
	EndProjectSection
EndProject
Project("{8BB2217D-0F2D-49D1-97BC-3654ED321F3B}") = "DevsForum", "src\DevsForum\DevsForum.xproj", "{DC2ED866-D788-45AB-84A0-47F82F4EFBC6}"
EndProject
Global
	GlobalSection(SolutionConfigurationPlatforms) = preSolution
		Debug|Any CPU = Debug|Any CPU
		Release|Any CPU = Release|Any CPU
	EndGlobalSection
	GlobalSection(ProjectConfigurationPlatforms) = postSolution
		{DC2ED866-D788-45AB-84A0-47F82F4EFBC6}.Debug|Any CPU.ActiveCfg = Debug|Any CPU
		{DC2ED866-D788-45AB-84A0-47F82F4EFBC6}.Debug|Any CPU.Build.0 = Debug|Any CPU
		{DC2ED866-D788-45AB-84A0-47F82F4EFBC6}.Release|Any CPU.ActiveCfg = Release|Any CPU
		{DC2ED866-D788-45AB-84A0-47F82F4EFBC6}.Release|Any CPU.Build.0 = Release|Any CPU
	EndGlobalSection
	GlobalSection(SolutionProperties) = preSolution
		HideSolutionNode = FALSE
	EndGlobalSection
	GlobalSection(NestedProjects) = preSolution
		{DC2ED866-D788-45AB-84A0-47F82F4EFBC6} = {088E4C02-1CA0-4FCC-B8AA-844BB2F95EF6}
	EndGlobalSection
EndGlobal
